# This file was autogenerated by Stack.
# You should not edit this file by hand.
# For more information, please see the documentation at:
#   https://docs.haskellstack.org/en/stable/lock_files

packages:
- completed:
    hackage: CC-delcont-0.2.1.0@sha256:3791184e55c0f59549443f8dde86131b3479f7eb4b540549aceff6db2b2e3006,2276
    pantry-tree:
      size: 481
      sha256: 5bd0b5b5318c0ca1707316b138faa323dea5c198ca339d7f00286b50a37cdccb
  original:
    hackage: CC-delcont-0.2.1.0@sha256:3791184e55c0f59549443f8dde86131b3479f7eb4b540549aceff6db2b2e3006,2276
snapshots:
- completed:
    size: 524996
    url: https://raw.githubusercontent.com/commercialhaskell/stackage-snapshots/master/lts/14/26.yaml
    sha256: c544f5b0c4877de1f69353442ef511a361e1bdacf86304a8ad7657abdff3b28a
  original: lts-14.26
